
Microsoft Visual Studio Solution File, Format Version 12.00
# Visual Studio Version 17
VisualStudioVersion = 17.13.35919.96 d17.13
MinimumVisualStudioVersion = 10.0.40219.1
Project("{FAE04EC0-301F-11D3-BF4B-00C04F79EFBC}") = "lab2_Khomenko", "lab2_Khomenko\lab2_Khomenko.csproj", "{8E421CAA-122B-481C-967A-D5A60A530869}"
EndProject
Global
	GlobalSection(SolutionConfigurationPlatforms) = preSolution
		Debug|Any CPU = Debug|Any CPU
		Release|Any CPU = Release|Any CPU
	EndGlobalSection
	GlobalSection(ProjectConfigurationPlatforms) = postSolution
		{8E421CAA-122B-481C-967A-D5A60A530869}.Debug|Any CPU.ActiveCfg = Debug|Any CPU
		{8E421CAA-122B-481C-967A-D5A60A530869}.Debug|Any CPU.Build.0 = Debug|Any CPU
		{8E421CAA-122B-481C-967A-D5A60A530869}.Release|Any CPU.ActiveCfg = Release|Any CPU
		{8E421CAA-122B-481C-967A-D5A60A530869}.Release|Any CPU.Build.0 = Release|Any CPU
	EndGlobalSection
	GlobalSection(SolutionProperties) = preSolution
		HideSolutionNode = FALSE
	EndGlobalSection
	GlobalSection(ExtensibilityGlobals) = postSolution
		SolutionGuid = {EA237701-CDDD-4842-AE5D-B19127CBBFCA}
	EndGlobalSection
EndGlobal
